
Microsoft Visual Studio Solution File, Format Version 12.00
# Visual Studio 15
VisualStudioVersion = 15.0.28307.489
MinimumVisualStudioVersion = 10.0.40219.1
Project("{888888A0-9F3D-457C-B088-3A5042F75D52}") = "пакеты", "пакеты\пакеты.pyproj", "{65B019F1-D766-4731-9436-074B3107F711}"
EndProject
Global
	GlobalSection(SolutionConfigurationPlatforms) = preSolution
		Debug|Any CPU = Debug|Any CPU
		Release|Any CPU = Release|Any CPU
	EndGlobalSection
	GlobalSection(ProjectConfigurationPlatforms) = postSolution
		{65B019F1-D766-4731-9436-074B3107F711}.Debug|Any CPU.ActiveCfg = Debug|Any CPU
		{65B019F1-D766-4731-9436-074B3107F711}.Release|Any CPU.ActiveCfg = Release|Any CPU
	EndGlobalSection
	GlobalSection(SolutionProperties) = preSolution
		HideSolutionNode = FALSE
	EndGlobalSection
	GlobalSection(ExtensibilityGlobals) = postSolution
		SolutionGuid = {462062A0-221D-43D4-9991-D5E048557BC0}
	EndGlobalSection
EndGlobal
